
Microsoft Visual Studio Solution File, Format Version 12.00
# Visual Studio Version 16
VisualStudioVersion = 16.0.30011.22
MinimumVisualStudioVersion = 10.0.40219.1
Project("{FAE04EC0-301F-11D3-BF4B-00C04F79EFBC}") = "SimpleDurableFunctionApp", "SimpleDurableFunctionApp\SimpleDurableFunctionApp.csproj", "{6D49A377-4ACB-4CBF-AC7A-E72DDB89D842}"
EndProject
Global
	GlobalSection(SolutionConfigurationPlatforms) = preSolution
		Debug|Any CPU = Debug|Any CPU
		Release|Any CPU = Release|Any CPU
	EndGlobalSection
	GlobalSection(ProjectConfigurationPlatforms) = postSolution
		{6D49A377-4ACB-4CBF-AC7A-E72DDB89D842}.Debug|Any CPU.ActiveCfg = Debug|Any CPU
		{6D49A377-4ACB-4CBF-AC7A-E72DDB89D842}.Debug|Any CPU.Build.0 = Debug|Any CPU
		{6D49A377-4ACB-4CBF-AC7A-E72DDB89D842}.Release|Any CPU.ActiveCfg = Release|Any CPU
		{6D49A377-4ACB-4CBF-AC7A-E72DDB89D842}.Release|Any CPU.Build.0 = Release|Any CPU
	EndGlobalSection
	GlobalSection(SolutionProperties) = preSolution
		HideSolutionNode = FALSE
	EndGlobalSection
	GlobalSection(ExtensibilityGlobals) = postSolution
		SolutionGuid = {CB58BC43-177A-4AE6-8839-2FAA09CFA2A9}
	EndGlobalSection
EndGlobal
